
Microsoft Visual Studio Solution File, Format Version 12.00
# Visual Studio Version 17
VisualStudioVersion = 17.4.33110.190
MinimumVisualStudioVersion = 10.0.40219.1
Project("{FAE04EC0-301F-11D3-BF4B-00C04F79EFBC}") = "SchoolManagmentSystem", "SchoolManagmentSystem.csproj", "{3DC019E1-33FA-4B29-8420-BF3B0E1F318D}"
EndProject
Global
	GlobalSection(SolutionConfigurationPlatforms) = preSolution
		Debug|Any CPU = Debug|Any CPU
		Release|Any CPU = Release|Any CPU
	EndGlobalSection
	GlobalSection(ProjectConfigurationPlatforms) = postSolution
		{3DC019E1-33FA-4B29-8420-BF3B0E1F318D}.Debug|Any CPU.ActiveCfg = Debug|Any CPU
		{3DC019E1-33FA-4B29-8420-BF3B0E1F318D}.Debug|Any CPU.Build.0 = Debug|Any CPU
		{3DC019E1-33FA-4B29-8420-BF3B0E1F318D}.Release|Any CPU.ActiveCfg = Release|Any CPU
		{3DC019E1-33FA-4B29-8420-BF3B0E1F318D}.Release|Any CPU.Build.0 = Release|Any CPU
	EndGlobalSection
	GlobalSection(SolutionProperties) = preSolution
		HideSolutionNode = FALSE
	EndGlobalSection
	GlobalSection(ExtensibilityGlobals) = postSolution
		SolutionGuid = {91F7D7F4-BF79-4083-BB81-1349618CD647}
	EndGlobalSection
EndGlobal
